
Microsoft Visual Studio Solution File, Format Version 12.00
# Visual Studio Version 17
VisualStudioVersion = 17.11.35327.3
MinimumVisualStudioVersion = 10.0.40219.1
Project("{FAE04EC0-301F-11D3-BF4B-00C04F79EFBC}") = "WarThunderCrewSoundModMaker", "WarThunderCrewSoundModMaker.csproj", "{B4927EB3-D671-47D2-A7E8-75CF69CD7A85}"
EndProject
Global
	GlobalSection(SolutionConfigurationPlatforms) = preSolution
		Debug|Any CPU = Debug|Any CPU
		Release|Any CPU = Release|Any CPU
	EndGlobalSection
	GlobalSection(ProjectConfigurationPlatforms) = postSolution
		{B4927EB3-D671-47D2-A7E8-75CF69CD7A85}.Debug|Any CPU.ActiveCfg = Debug|Any CPU
		{B4927EB3-D671-47D2-A7E8-75CF69CD7A85}.Debug|Any CPU.Build.0 = Debug|Any CPU
		{B4927EB3-D671-47D2-A7E8-75CF69CD7A85}.Release|Any CPU.ActiveCfg = Release|Any CPU
		{B4927EB3-D671-47D2-A7E8-75CF69CD7A85}.Release|Any CPU.Build.0 = Release|Any CPU
	EndGlobalSection
	GlobalSection(SolutionProperties) = preSolution
		HideSolutionNode = FALSE
	EndGlobalSection
	GlobalSection(ExtensibilityGlobals) = postSolution
		SolutionGuid = {E1F2042F-41BD-4241-A02C-4A235B60A4D7}
	EndGlobalSection
EndGlobal
